
Microsoft Visual Studio Solution File, Format Version 12.00
# Visual Studio Version 17
VisualStudioVersion = 17.0.31903.59
MinimumVisualStudioVersion = 10.0.40219.1
Project("{FAE04EC0-301F-11D3-BF4B-00C04F79EFBC}") = "isolate-designPattern-test", "isolate-designPattern-test\isolate-designPattern-test.csproj", "{B67F153E-B564-4AB0-B336-C01550BA8033}"
EndProject
Global
	GlobalSection(SolutionConfigurationPlatforms) = preSolution
		Debug|Any CPU = Debug|Any CPU
		Release|Any CPU = Release|Any CPU
	EndGlobalSection
	GlobalSection(ProjectConfigurationPlatforms) = postSolution
		{B67F153E-B564-4AB0-B336-C01550BA8033}.Debug|Any CPU.ActiveCfg = Debug|Any CPU
		{B67F153E-B564-4AB0-B336-C01550BA8033}.Debug|Any CPU.Build.0 = Debug|Any CPU
		{B67F153E-B564-4AB0-B336-C01550BA8033}.Release|Any CPU.ActiveCfg = Release|Any CPU
		{B67F153E-B564-4AB0-B336-C01550BA8033}.Release|Any CPU.Build.0 = Release|Any CPU
	EndGlobalSection
	GlobalSection(SolutionProperties) = preSolution
		HideSolutionNode = FALSE
	EndGlobalSection
	GlobalSection(ExtensibilityGlobals) = postSolution
		SolutionGuid = {DA54FA46-7B11-427A-8F4C-846B4FAD19F6}
	EndGlobalSection
EndGlobal
